PODS:
  - camera_macos (0.0.1):
    - FlutterMacOS
  - FlutterMacOS (1.0.0)
  - path_provider_foundation (0.0.1):
    - Flutter
    - FlutterMacOS
  - weebi_barcode_scanner (0.0.1):
    - FlutterMacOS

DEPENDENCIES:
  - camera_macos (from `Flutter/ephemeral/.symlinks/plugins/camera_macos/macos`)
  - FlutterMacOS (from `Flutter/ephemeral`)
  - path_provider_foundation (from `Flutter/ephemeral/.symlinks/plugins/path_provider_foundation/darwin`)
  - weebi_barcode_scanner (from `Flutter/ephemeral/.symlinks/plugins/weebi_barcode_scanner/macos`)

EXTERNAL SOURCES:
  camera_macos:
    :path: Flutter/ephemeral/.symlinks/plugins/camera_macos/macos
  FlutterMacOS:
    :path: Flutter/ephemeral
  path_provider_foundation:
    :path: Flutter/ephemeral/.symlinks/plugins/path_provider_foundation/darwin
  weebi_barcode_scanner:
    :path: Flutter/ephemeral/.symlinks/plugins/weebi_barcode_scanner/macos

SPEC CHECKSUMS:
  camera_macos: c2603f5eed16f05076cf17e12030d2ce55a77839
  FlutterMacOS: 8f6f14fa908a6fb3fba0cd85dbd81ec4b251fb24
  path_provider_foundation: 2b6b4c569c0fb62ec74538f866245ac84301af46
  weebi_barcode_scanner: 6ee7d4e6aff615dcd5422dfa5069dabe6ec158c9

PODFILE CHECKSUM: 7eb978b976557c8c1cd717d8185ec483fd090a82

COCOAPODS: 1.16.2
